{
  "name": "deliverai-mail-dashboard",
  "version": "0.0.0",
  "lockfileVersion": 3,
  "requires": true,
  "packages": {
    "": {
      "name": "deliverai-mail-dashboard",
      "version": "0.0.0",
      "dependencies": {
        "@aws-sdk/client-ses": "^3.930.0",
        "@google/generative-ai": "^0.21.0",
        "@neondatabase/serverless": "^1.0.2",
        "@node-rs/argon2": "^2.0.2",
        "@tailwindcss/postcss": "^4.1.17",
        "@tailwindcss/typography": "^0.5.19",
        "@tiptap/extension-color": "^3.10.7",
        "@tiptap/extension-font-family": "^3.10.7",
        "@tiptap/extension-image": "^3.10.7",
        "@tiptap/extension-link": "^3.10.7",
        "@tiptap/extension-table": "^3.10.7",
        "@tiptap/extension-table-cell": "^3.10.7",
        "@tiptap/extension-table-header": "^3.10.7",
        "@tiptap/extension-table-row": "^3.10.7",
        "@tiptap/extension-text-align": "^3.10.7",
        "@tiptap/extension-text-style": "^3.10.7",
        "@tiptap/extension-underline": "^3.10.7",
        "@tiptap/pm": "^3.10.7",
        "@tiptap/react": "^3.10.7",
        "@tiptap/starter-kit": "^3.10.7",
        "@types/bcryptjs": "^2.4.6",
        "@types/express": "^5.0.5",
        "@types/helmet": "^0.0.48",
        "@types/sanitize-html": "^2.16.0",
        "@types/ws": "^8.18.1",
        "autoprefixer": "^10.4.22",
        "bcryptjs": "^3.0.3",
        "drizzle-kit": "^0.31.6",
        "drizzle-orm": "^0.44.7",
        "drizzle-zod": "^0.8.3",
        "express": "^5.1.0",
        "helmet": "^8.1.0",
        "lucide-react": "^0.548.0",
        "marked": "^13.0.3",
        "pg": "^8.16.3",
        "react": "^19.2.0",
        "react-dom": "^19.2.0",
        "react-router-dom": "^7.9.6",
        "recharts": "^3.3.0",
        "resend": "^6.4.2",
        "sanitize-html": "^2.17.0",
        "tailwindcss": "^4.1.17",
        "tailwindcss-animate": "^1.0.7",
        "tsx": "^4.20.6",
        "ws": "^8.18.3",
        "zod": "^4.1.12"
      },
      "devDependencies": {
        "@types/node": "^22.14.0",
        "@vitejs/plugin-react": "^5.0.0",
        "typescript": "~5.8.2",
        "vite": "^6.2.0"
      }
    },
    "node_modules/@alloc/quick-lru": {
      "version": "5.2.0",
      "resolved": "https://registry.npmjs.org/@alloc/quick-lru/-/quick-lru-5.2.0.tgz",
      "integrity": "sha512-UrcABB+4bUrFABwbluTIBErXwvbsU/V7TZWfmbgJfbkwiBuziS9gxdODUyuiecfdGQ85jglMW6juS3+z5TsKLw==",
      "license": "MIT",
      "engines": {
        "node": ">=10"
      },
      "funding": {
        "url": "https://github.com/sponsors/sindresorhus"
      }
    },
    "node_modules/@floating-ui/dom": {
      "version": "1.7.4",
      "resolved": "https://registry.npmjs.org/@floating-ui/dom/-/dom-1.7.4.tgz",
      "integrity": "sha512-Vdsy8M8b7d9Xd6dNpv61kOoU0IqQdUcQfX4J3PfvfNaYyHw5p5xFQh4pVgNhzXB/pwS9cdYqOa19kuv3T1Pj8A==",
      "license": "MIT",
      "dependencies": {
        "@floating-ui/core": "^1.7.0",
        "@floating-ui/utils": "^0.2.9"
      }
    },
    "node_modules/@floating-ui/core": {
      "version": "1.7.3",
      "resolved": "https://registry.npmjs.org/@floating-ui/core/-/core-1.7.3.tgz",
      "integrity": "sha512-sGnvb5dmrJaKEZ+LDIpguvdX3bDlEllmv4/ClQ9awcmCZrlx5jQyyMWFM5kBI+EyNOCDDiKk8il0zeuX3Zlg/w==",
      "license": "MIT",
      "dependencies": {
        "@floating-ui/utils": "^0.2.10"
      }
    },
    "node_modules/@floating-ui/utils": {
      "version": "0.2.10",
      "resolved": "https://registry.npmjs.org/@floating-ui/utils/-/utils-0.2.10.tgz",
      "integrity": "sha512-aGTxbpbg8/b5JfU1HXSrbH3wXZuLPJcNEcZQFMxLs3oSzgtVu6nFPkbbGGUvBcUjKV2YyB9Wxxabo+HEH9tcRQ==",
      "license": "MIT"
    },
    "node_modules/@aws-crypto/sha256-browser": {
      "version": "5.2.0",
      "resolved": "https://registry.npmjs.org/@aws-crypto/sha256-browser/-/sha256-browser-5.2.0.tgz",
      "integrity": "sha512-AXfN/lGotSQwu6HNcEsIASo7kWXZ5HYWvfOmSNKDsEqC4OashTp8alTmaz+F7TC2L083SFv5RdB+qU3Vs1kZqw==",
      "license": "Apache-2.0",
      "dependencies": {
        "@aws-crypto/sha256-js": "^5.2.0",
        "@aws-crypto/supports-web-crypto": "^5.2.0",
        "@aws-crypto/util": "^5.2.0",
        "@aws-sdk/types": "^3.222.0",
        "@aws-sdk/util-locate-window": "^3.0.0",
        "@smithy/util-utf8": "^2.0.0",
        "tslib": "^2.6.2"
      }
    },
    "node_modules/@aws-crypto/sha256-browser/node_modules/@smithy/is-array-buffer": {
      "version": "2.2.0",
      "resolved": "https://registry.npmjs.org/@smithy/is-array-buffer/-/is-array-buffer-2.2.0.tgz",
      "integrity": "sha512-GGP3O9QFD24uGeAXYUjwSTXARoqpZykHadOmA8G5vfJPK0/DC67qa//0qvqrJzL1xc8WQWX7/yc7fwudjPHPhA==",
      "license": "Apache-2.0",
      "dependencies": {
        "tslib": "^2.6.2"
      },
      "engines": {
        "node": ">=14.0.0"
      }
    },
    "node_modules/@aws-crypto/sha256-browser/node_modules/@smithy/util-buffer-from": {
      "version": "2.2.0",
      "resolved": "https://registry.npmjs.org/@smithy/util-buffer-from/-/util-buffer-from-2.2.0.tgz",
      "integrity": "sha512-IJdWBbTcMQ6DA0gdNhh/BwrLkDR+ADW5Kr1aZmd4k3DIF6ezMV4R2NIAmT08wQJ3yUK82thHWmC/TnK/wpMMIA==",
      "license": "Apache-2.0",
      "dependencies": {
        "@smithy/is-array-buffer": "^2.2.0",
        "tslib": "^2.6.2"
      },
      "engines": {
        "node": ">=14.0.0"
      }
    },
    "node_modules/@aws-crypto/sha256-browser/node_modules/@smithy/util-utf8": {
      "version": "2.3.0",
      "resolved": "https://registry.npmjs.org/@smithy/util-utf8/-/util-utf8-2.3.0.tgz",
      "integrity": "sha512-R8Rdn8Hy72KKcebgLiv8jQcQkXoLMOGGv5uI1/k0l+snqkOzQ1R0ChUBCxWMlBsFMekWjq0wRudIweFs7sKT5A==",
      "license": "Apache-2.0",
      "dependencies": {
        "@smithy/util-buffer-from": "^2.2.0",
        "tslib": "^2.6.2"
      },
      "engines": {
        "node": ">=14.0.0"
      }
    },
    "node_modules/@aws-crypto/sha256-js": {
      "version": "5.2.0",
      "resolved": "https://registry.npmjs.org/@aws-crypto/sha256-js/-/sha256-js-5.2.0.tgz",
      "integrity": "sha512-FFQQyu5viZfkZfhG8bPfrY6R8P8x1+PmTj6WH5xGLbPZeMtaT5kT1FbNIrJgpXBbOeUb2d0xV9VO1h8eR8P8P8x1+PmTj6WH5xGLbPZeMtaT5kT1FbNIrJgpXBbOeUb2d0xV9VO1h8eR8P8P8x1+PmTj6WH5xGLbPZeMtaT5kT1FbNIrJgpXBbOeUb2d0xV9VO1h8eR8P8P8x1+PmTj6WH5xGLbPZeMtaT5kT1FbNIrJgpXBbOeUb2d0xV9VO1h8eR8P8P8x1+PmTj6WH5xGLbPZeMtaT5kT1FbNIrJgpXBbOeUb2d0xV9VO1h8eR8P8P8x1+PmTj6WH5xGLbPZeMtaT5kT1FbNIrJgpXBbOeUb2d0xV9VO1h8eR8P8P8x1+PmTj6WH5xGLbPZeMtaT5kT1FbNIrJgpXBbOeUb2d0xV9VO1h8eR8P8P8x1+PmTj6WH5xGLbPZeMtaT5kT1FbNIrJgpXBbOeUb2d0xV9VO1h8eR8P8P8x1+PmTj6WH5xGLbPZeMtaT5kT1FbNIrJgpXBbOeUb2d0xV9VO1h8eR8P8P8x1+PmTj6WH5xGLbPZeMtaT5kT1FbNIrJgpXBbOeUb2d0xV9VO1h8eR8P8P8x1+PmTj6WH5xGLbPZeMtaT5kT1FbNIrJgpXBbOeUb2d0xV9VO1h8eR8P8P8x1+PmTj6WH5xGLbPZeMtaT5kT1FbNIrJgpXBbOeUb2d0xV9VO1h8eR8P8P8x1+PmTj6WH5xGLbPZeMtaT5kT1FbNIrJgpXBbOeUb2d0xV9VO1h8eR8P8P8x1+PmTj6WH5xGLbPZeMtaT5kT1FbNIrJgpXBbOeUb2d0xV9VO1h8eR8P8P8x1+PmTj6WH5xGLbPZeMtaT5kT1FbNIrJgpXBbOeUb2d0xV9VO1h8eR8P8P8x1+PmTj6WH5xGLbPZeMtaT5kT1FbNIrJgpXBbOeUb2d0xV9VO1h8eR8P8P8x1+PmTj6WH5xGLbPZeMtaT5kT1FbNIrJgpXBbOeUb2d0xV9VO1h8eR8P8P8x1+PmTj6WH5xGLbPZeMtaT5kT1FbNIrJgpXBbOeUb2d0xV9VO1h8eR8P8P8x1+PmTj6WH5xGLbPZeMtaT5kT1FbNIrJgpXBbOeUb2d0xV9VO1h8eR8P8P8x1+PmTj6WH5xGLbPZeMtaT5kT1FbNIrJgpXBbOeUb2d0xV9VO1h8eR8P8P8x1+PmTj6WH5xGLbPZeMtaT5kT1FbNIrJgpXBbOeUb2d0xV9VO1h8eR8P8P8x1+PmTj6WH5xGLbPZeMtaT5kT1FbNIrJgpXBbOeUb2d0xV9VO1h8eR8P8P8x1+PmTj6WH5xGLbPZeMtaT5kT1FbNIrJgpXBbOeUb2d0xV9VO1h8eR8P8P8x1+PmTj6WH5xGLbPZeMtaT5kT1FbNIrJgpXBbOeUb2d0xV9VO1h8eR8P8P8x1+PmTj6WH5xGLbPZeMtaT5kT1FbNIrJgpXBbOeUb2d0xV9VO1h8eR8P8P8x1+PmTj6WH5xGLbPZeMtaT5kT1FbNIrJgpXBbOeUb2d0xV9VO1h8eR8P8P8x1+PmTj6WH5xGLbPZeMtaT5kT1FbNIrJgpXBbOeUb2d0xV9VO1h8eR8P8P8x1+PmTj6WH5xGLbPZeMtaT5kT1FbNIrJgpXBbOeUb2d0xV9VO1h8eR8P8P8x1+PmTj6WH5xGLbPZeMtaT5kT1FbNIrJgpXBbOeUb2d0xV9VO1h8eR8P8P8x1+PmTj6WH5xGLbPZeMtaT5kT1FbNIrJgpXBbOeUb2d0xV9VO1h8eR8P8P8x1+PmTj6WH5xGLbPZeMtaT5kT1FbNIrJgpXBbOeUb2d0xV9VO1h8eR8P8P8x1+PmTj6WH5xGLbPZeMtaT5kT1FbNIrJgpXBbOeUb2d0xV9VO1h8eR8P8P8x1+PmTj6WH5xGLbPZeMtaT5kT1FbNIrJgpXBbOeUb2d0xV9VO1h8eR8P8P8x1+PmTj6WH5xGLbPZeMtaT5kT1FbNIrJgpXBbOeUb2d0xV9VO1h8eR8P8P8x1+PmTj6WH5xGLbPZeMtaT5kT1FbNIrJgpXBbOeUb2d0xV9VO1h8eR8P8P8x1+PmTj6WH5xGLbPZeMtaT5kT1FbNIrJgpXBbOeUb2d0xV9VO1h8eR8P8P8x1+PmTj6WH5xGLbPZeMtaT5kT1FbNIrJgpXBbOeUb2d0xV9VO1h8eR8P8P8x1+PmTj6WH5xGLbPZeMtaT5kT1FbNIrJgpXBbOeUb2d0xV9VO1h8eR8P8P8x1+PmTj6WH5xGLbPZeMtaT5kT1FbNIrJgpXBbOeUb2d0xV9VO1h8eR8P8P8x1+PmTj6WH5xGLbPZeMtaT5kT1FbNIrJgpXBbOeUb2d0xV9VO1h8eR8P8P8x1+PmTj6WH5xGLbPZeMtaT5kT1FbNIrJgpXBbOeUb2d0xV9VO1h8eR8P8P8x1+PmTj6WH5xGLbPZeMtaT5kT1FbNIrJgpXBbOeUb2d0xV9VO1h8eR8P8P8x1+PmTj6WH5xGLbPZeMtaT5kT1FbNIrJgpXBbOeUb2d0xV9VO1h8eR8P8P8x1+PmTj6WH5xGLbPZeMtaT5kT1FbNIrJgpXBbOeUb2d0xV9VO1h8eR8P8P8x1+PmTj6WH5xGLbPZeMtaT5kT1FbNIrJgpXBbOeUb2d0xV9VO1h8eR8P8P8x1+PmTj6WH5xGLbPZeMtaT5kT1FbNIrJgpXBbOeUb2d0xV9VO1h8eR8P8P8x1+PmTj6WH5xGLbPZeMtaT5kT1FbNIrJgpXBbOeUb2d0xV9VO1h8eR8P8P8x1+PmTj6WH5xGLbPZeMtaT5kT1FbNIrJgpXBbOeUb2d0xV9VO1h8eR8P8P8x1+PmTj6WH5xGLbPZeMtaT5kT1FbNIrJgpXBbOeUb2d0xV9VO1h8eR8P8P8x1+PmTj6WH5xGLbPZeMtaT5kT1FbNIrJgpXBbOeUb2d0xV9VO1h8eR8P8P8x1+PmTj6WH5xGLbPZeMtaT5kT1FbNIrJgpXBbOeUb2d0xV9VO1h8eR8P8P8x1+PmTj6WH5xGLbPZeMtaT5kT1FbNIrJgpXBbOeUb2d0xV9VO1h8eR8P8P8x1+PmTj6WH5xGLbPZeMtaT5kT1FbNIrJgpXBbOeUb2d0xV9VO1h8eR8P8P8x1+PmTj6WH5xGLbPZeMtaT5kT1FbNIrJgpXBbOeUb2d0xV9VO1h8eR8P8P8x1+PmTj6WH5xGLbPZeMtaT5kT1FbNIrJgpXBbOeUb2d0xV9VO1h8eR8P8P8x1+PmTj6WH5xGLbPZeMtaT5kT1FbNIrJgpXBbOeUb2d0xV9VO1h8eR8P8P8x1+PmTj6WH5xGLbPZeMtaT5kT1FbNIrJgpXBbOeUb2d0xV9VO1h8eR8P8P8x1+PmTj6WH5xGLbPZeMtaT5kT1FbNIrJgpXBbOeUb2d0xV9VO1h8eR8P8P8x1+PmTj6WH5xGLbPZeMtaT5kT1FbNIrJgpXBbOeUb2d0xV9VO1h8eR8P8P8x1+PmTj6WH5xGLbPZeMtaT5kT1FbNIrJgpXBbOeUb2d0xV9VO1h8eR8P8P8x1+PmTj6WH5xGLbPZeMtaT5kT1FbNIrJgpXBbOeUb2d0xV9VO1h8eR8P8P8x1+PmTj6WH5xGLbPZeMtaT5kT1FbNIrJgpXBbOeUb2d0xV9VO1h8eR8P8P8x1+PmTj6WH5xGLbPZeMtaT5kT1FbNIrJgpXBbOeUb2d0
